
Microsoft Visual Studio Solution File, Format Version 12.00
# Visual Studio Version 17
VisualStudioVersion = 17.5.002.0
MinimumVisualStudioVersion = 10.0.40219.1
Project("{2150E333-8FDC-42A3-9474-1A3956D46DE8}") = "src", "src", "{EB38F8A1-86DF-4787-AD0A-FD8BF5CC1327}"
EndProject
Project("{9A19103F-16F7-4668-BE54-9A1E7A4F7556}") = "spark.connect.proto", "src\spark.connect.proto\spark.connect.proto.csproj", "{EE4A62FE-E2BE-42CA-A177-A31110154EB1}"
EndProject
Project("{9A19103F-16F7-4668-BE54-9A1E7A4F7556}") = "spark.connect.test", "src\spark.connect.test\spark.connect.test.csproj", "{2E5A2DC5-32B8-4277-B817-B3AADF9110F1}"
EndProject
Project("{2150E333-8FDC-42A3-9474-1A3956D46DE8}") = "Solution Items", "Solution Items", "{CB97247A-9445-4085-81DB-FFA8E17B170B}"
	ProjectSection(SolutionItems) = preProject
		.editorconfig = .editorconfig
		CodeAnalysis.ruleset = CodeAnalysis.ruleset
		Directory.Build.props = Directory.Build.props
		Directory.Packages.props = Directory.Packages.props
	EndProjectSection
EndProject
Global
	GlobalSection(SolutionConfigurationPlatforms) = preSolution
		Debug|Any CPU = Debug|Any CPU
		Release|Any CPU = Release|Any CPU
	EndGlobalSection
	GlobalSection(ProjectConfigurationPlatforms) = postSolution
		{EE4A62FE-E2BE-42CA-A177-A31110154EB1}.Debug|Any CPU.ActiveCfg = Debug|Any CPU
		{EE4A62FE-E2BE-42CA-A177-A31110154EB1}.Debug|Any CPU.Build.0 = Debug|Any CPU
		{EE4A62FE-E2BE-42CA-A177-A31110154EB1}.Release|Any CPU.ActiveCfg = Release|Any CPU
		{EE4A62FE-E2BE-42CA-A177-A31110154EB1}.Release|Any CPU.Build.0 = Release|Any CPU
		{2E5A2DC5-32B8-4277-B817-B3AADF9110F1}.Debug|Any CPU.ActiveCfg = Debug|Any CPU
		{2E5A2DC5-32B8-4277-B817-B3AADF9110F1}.Debug|Any CPU.Build.0 = Debug|Any CPU
		{2E5A2DC5-32B8-4277-B817-B3AADF9110F1}.Release|Any CPU.ActiveCfg = Release|Any CPU
		{2E5A2DC5-32B8-4277-B817-B3AADF9110F1}.Release|Any CPU.Build.0 = Release|Any CPU
	EndGlobalSection
	GlobalSection(SolutionProperties) = preSolution
		HideSolutionNode = FALSE
	EndGlobalSection
	GlobalSection(NestedProjects) = preSolution
		{EE4A62FE-E2BE-42CA-A177-A31110154EB1} = {EB38F8A1-86DF-4787-AD0A-FD8BF5CC1327}
		{2E5A2DC5-32B8-4277-B817-B3AADF9110F1} = {EB38F8A1-86DF-4787-AD0A-FD8BF5CC1327}
	EndGlobalSection
	GlobalSection(ExtensibilityGlobals) = postSolution
		SolutionGuid = {052B9F68-B820-4FDE-8DFD-5D979B88D4E2}
	EndGlobalSection
EndGlobal
