
Microsoft Visual Studio Solution File, Format Version 12.00
# Visual Studio Version 17
VisualStudioVersion = 17.5.002.0
MinimumVisualStudioVersion = 10.0.40219.1
Project("{2150E333-8FDC-42A3-9474-1A3956D46DE8}") = "projects", "projects", "{9DAE85C4-8086-48FF-A2C4-044C1AF3BC51}"
EndProject
Project("{2150E333-8FDC-42A3-9474-1A3956D46DE8}") = "spark-connect-csharp", "spark-connect-csharp", "{154E8849-FF8B-4C57-ADFA-437B9447407B}"
EndProject
Project("{2150E333-8FDC-42A3-9474-1A3956D46DE8}") = "src", "src", "{E68DF6F8-2389-43E2-8603-AABE90959BB7}"
EndProject
Project("{9A19103F-16F7-4668-BE54-9A1E7A4F7556}") = "spark.connect.proto", "projects\spark-connect-csharp\src\spark.connect.proto\spark.connect.proto.csproj", "{8BFBB2D0-5DC6-47F4-8C7A-0D4F221421A6}"
EndProject
Global
	GlobalSection(SolutionConfigurationPlatforms) = preSolution
		Debug|Any CPU = Debug|Any CPU
		Release|Any CPU = Release|Any CPU
	EndGlobalSection
	GlobalSection(ProjectConfigurationPlatforms) = postSolution
		{8BFBB2D0-5DC6-47F4-8C7A-0D4F221421A6}.Debug|Any CPU.ActiveCfg = Debug|Any CPU
		{8BFBB2D0-5DC6-47F4-8C7A-0D4F221421A6}.Debug|Any CPU.Build.0 = Debug|Any CPU
		{8BFBB2D0-5DC6-47F4-8C7A-0D4F221421A6}.Release|Any CPU.ActiveCfg = Release|Any CPU
		{8BFBB2D0-5DC6-47F4-8C7A-0D4F221421A6}.Release|Any CPU.Build.0 = Release|Any CPU
	EndGlobalSection
	GlobalSection(SolutionProperties) = preSolution
		HideSolutionNode = FALSE
	EndGlobalSection
	GlobalSection(NestedProjects) = preSolution
		{154E8849-FF8B-4C57-ADFA-437B9447407B} = {9DAE85C4-8086-48FF-A2C4-044C1AF3BC51}
		{E68DF6F8-2389-43E2-8603-AABE90959BB7} = {154E8849-FF8B-4C57-ADFA-437B9447407B}
		{8BFBB2D0-5DC6-47F4-8C7A-0D4F221421A6} = {E68DF6F8-2389-43E2-8603-AABE90959BB7}
	EndGlobalSection
	GlobalSection(ExtensibilityGlobals) = postSolution
		SolutionGuid = {052B9F68-B820-4FDE-8DFD-5D979B88D4E2}
	EndGlobalSection
EndGlobal
